
Microsoft Visual Studio Solution File, Format Version 12.00
# Visual Studio 14
VisualStudioVersion = 14.0.25420.1
MinimumVisualStudioVersion = 10.0.40219.1
Project("{CC5FD16D-436D-48AD-A40C-5A424C6E3E79}") = "Web1.Azure", "Web1\Web1.Azure.ccproj", "{332DEFB5-5489-40C8-AE8A-75FB40BAAD2E}"
EndProject
Project("{FAE04EC0-301F-11D3-BF4B-00C04F79EFBC}") = "Web1", "WebRole1\Web1.csproj", "{C1918F2D-35B6-45A9-B217-F438D64DEC7F}"
EndProject
Global
	GlobalSection(SolutionConfigurationPlatforms) = preSolution
		Debug|Any CPU = Debug|Any CPU
		Release|Any CPU = Release|Any CPU
	EndGlobalSection
	GlobalSection(ProjectConfigurationPlatforms) = postSolution
		{332DEFB5-5489-40C8-AE8A-75FB40BAAD2E}.Debug|Any CPU.ActiveCfg = Debug|Any CPU
		{332DEFB5-5489-40C8-AE8A-75FB40BAAD2E}.Debug|Any CPU.Build.0 = Debug|Any CPU
		{332DEFB5-5489-40C8-AE8A-75FB40BAAD2E}.Release|Any CPU.ActiveCfg = Release|Any CPU
		{332DEFB5-5489-40C8-AE8A-75FB40BAAD2E}.Release|Any CPU.Build.0 = Release|Any CPU
		{C1918F2D-35B6-45A9-B217-F438D64DEC7F}.Debug|Any CPU.ActiveCfg = Debug|Any CPU
		{C1918F2D-35B6-45A9-B217-F438D64DEC7F}.Debug|Any CPU.Build.0 = Debug|Any CPU
		{C1918F2D-35B6-45A9-B217-F438D64DEC7F}.Release|Any CPU.ActiveCfg = Release|Any CPU
		{C1918F2D-35B6-45A9-B217-F438D64DEC7F}.Release|Any CPU.Build.0 = Release|Any CPU
	EndGlobalSection
	GlobalSection(SolutionProperties) = preSolution
		HideSolutionNode = FALSE
	EndGlobalSection
EndGlobal
